// !$*UTF8*$!
{
	archiveVersion = 1;
	classes = {
	};
	objectVersion = 46;
	objects = {

/* Begin PBXBuildFile section */
		D3E8CC6E1B6FE94E0016C7BD /* main.m in Sources */ = {isa = PBXBuildFile; fileRef = D3E8CC6D1B6FE94E0016C7BD /* main.m */; };
		D3E8CC711B6FE94E0016C7BD /* AppDelegate.m in Sources */ = {isa = PBXBuildFile; fileRef = D3E8CC701B6FE94E0016C7BD /* AppDelegate.m */; };
		D3E8CC791B6FE94E0016C7BD /* Images.xcassets in Resources */ = {isa = PBXBuildFile; fileRef = D3E8CC781B6FE94E0016C7BD /* Images.xcassets */; };
		D3E8CC881B6FE94E0016C7BD /* BowlingScoreTests.m in Sources */ = {isa = PBXBuildFile; fileRef = D3E8CC871B6FE94E0016C7BD /* BowlingScoreTests.m */; };
		D3E8CC931B6FE9FC0016C7BD /* MHMainMenuViewController.m in Sources */ = {isa = PBXBuildFile; fileRef = D3E8CC921B6FE9FC0016C7BD /* MHMainMenuViewController.m */; };
		D3E8CC961B6FEA930016C7BD /* MHMainMenuView.m in Sources */ = {isa = PBXBuildFile; fileRef = D3E8CC951B6FEA930016C7BD /* MHMainMenuView.m */; };
/* End PBXBuildFile section */

/* Begin PBXContainerItemProxy section */
		D3E8CC821B6FE94E0016C7BD /* PBXContainerItemProxy */ = {
			isa = PBXContainerItemProxy;
			containerPortal = D3E8CC601B6FE94E0016C7BD /* Project object */;
			proxyType = 1;
			remoteGlobalIDString = D3E8CC671B6FE94E0016C7BD;
			remoteInfo = BowlingScore;
		};
/* End PBXContainerItemProxy section */

/* Begin PBXFileReference section */
		D3E8CC681B6FE94E0016C7BD /* BowlingScore.app */ = {isa = PBXFileReference; explicitFileType = wrapper.application; includeInIndex = 0; path = BowlingScore.app; sourceTree = BUILT_PRODUCTS_DIR; };
		D3E8CC6C1B6FE94E0016C7BD /* Info.plist */ = {isa = PBXFileReference; lastKnownFileType = text.plist.xml; path = Info.plist; sourceTree = "<group>"; };
		D3E8CC6D1B6FE94E0016C7BD /* main.m */ = {isa = PBXFileReference; lastKnownFileType = sourcecode.c.objc; path = main.m; sourceTree = "<group>"; };
		D3E8CC6F1B6FE94E0016C7BD /* AppDelegate.h */ = {isa = PBXFileReference; lastKnownFileType = sourcecode.c.h; path = AppDelegate.h; sourceTree = "<group>"; };
		D3E8CC701B6FE94E0016C7BD /* AppDelegate.m */ = {isa = PBXFileReference; lastKnownFileType = sourcecode.c.objc; path = AppDelegate.m; sourceTree = "<group>"; };
		D3E8CC781B6FE94E0016C7BD /* Images.xcassets */ = {isa = PBXFileReference; lastKnownFileType = folder.assetcatalog; path = Images.xcassets; sourceTree = "<group>"; };
		D3E8CC811B6FE94E0016C7BD /* BowlingScoreTests.xctest */ = {isa = PBXFileReference; explicitFileType = wrapper.cfbundle; includeInIndex = 0; path = BowlingScoreTests.xctest; sourceTree = BUILT_PRODUCTS_DIR; };
		D3E8CC861B6FE94E0016C7BD /* Info.plist */ = {isa = PBXFileReference; lastKnownFileType = text.plist.xml; path = Info.plist; sourceTree = "<group>"; };
		D3E8CC871B6FE94E0016C7BD /* BowlingScoreTests.m */ = {isa = PBXFileReference; lastKnownFileType = sourcecode.c.objc; path = BowlingScoreTests.m; sourceTree = "<group>"; };
		D3E8CC911B6FE9FC0016C7BD /* MHMainMenuViewController.h */ = {isa = PBXFileReference; fileEncoding = 4; lastKnownFileType = sourcecode.c.h; path = MHMainMenuViewController.h; sourceTree = "<group>"; };
		D3E8CC921B6FE9FC0016C7BD /* MHMainMenuViewController.m */ = {isa = PBXFileReference; fileEncoding = 4; lastKnownFileType = sourcecode.c.objc; path = MHMainMenuViewController.m; sourceTree = "<group>"; };
		D3E8CC941B6FEA930016C7BD /* MHMainMenuView.h */ = {isa = PBXFileReference; fileEncoding = 4; lastKnownFileType = sourcecode.c.h; path = MHMainMenuView.h; sourceTree = "<group>"; };
		D3E8CC951B6FEA930016C7BD /* MHMainMenuView.m */ = {isa = PBXFileReference; fileEncoding = 4; lastKnownFileType = sourcecode.c.objc; path = MHMainMenuView.m; sourceTree = "<group>"; };
/* End PBXFileReference section */

/* Begin PBXFrameworksBuildPhase section */
		D3E8CC651B6FE94E0016C7BD /* Frameworks */ = {
			isa = PBXFrameworksBuildPhase;
			buildActionMask = 2147483647;
			files = (
			);
			runOnlyForDeploymentPostprocessing = 0;
		};
		D3E8CC7E1B6FE94E0016C7BD /* Frameworks */ = {
			isa = PBXFrameworksBuildPhase;
			buildActionMask = 2147483647;
			files = (
			);
			runOnlyForDeploymentPostprocessing = 0;
		};
/* End PBXFrameworksBuildPhase section */

/* Begin PBXGroup section */
		D3E8CC5F1B6FE94E0016C7BD = {
			isa = PBXGroup;
			children = (
				D3E8CC6A1B6FE94E0016C7BD /* BowlingScore */,
				D3E8CC841B6FE94E0016C7BD /* BowlingScoreTests */,
				D3E8CC691B6FE94E0016C7BD /* Products */,
			);
			sourceTree = "<group>";
		};
		D3E8CC691B6FE94E0016C7BD /* Products */ = {
			isa = PBXGroup;
			children = (
				D3E8CC681B6FE94E0016C7BD /* BowlingScore.app */,
				D3E8CC811B6FE94E0016C7BD /* BowlingScoreTests.xctest */,
			);
			name = Products;
			sourceTree = "<group>";
		};
		D3E8CC6A1B6FE94E0016C7BD /* BowlingScore */ = {
			isa = PBXGroup;
			children = (
				D3E8CC6F1B6FE94E0016C7BD /* AppDelegate.h */,
				D3E8CC701B6FE94E0016C7BD /* AppDelegate.m */,
				D3E8CC781B6FE94E0016C7BD /* Images.xcassets */,
				D3E8CC6B1B6FE94E0016C7BD /* Supporting Files */,
				D3E8CC911B6FE9FC0016C7BD /* MHMainMenuViewController.h */,
				D3E8CC921B6FE9FC0016C7BD /* MHMainMenuViewController.m */,
				D3E8CC941B6FEA930016C7BD /* MHMainMenuView.h */,
				D3E8CC951B6FEA930016C7BD /* MHMainMenuView.m */,
			);
			path = BowlingScore;
			sourceTree = "<group>";
		};
		D3E8CC6B1B6FE94E0016C7BD /* Supporting Files */ = {
			isa = PBXGroup;
			children = (
				D3E8CC6C1B6FE94E0016C7BD /* Info.plist */,
				D3E8CC6D1B6FE94E0016C7BD /* main.m */,
			);
			name = "Supporting Files";
			sourceTree = "<group>";
		};
		D3E8CC841B6FE94E0016C7BD /* BowlingScoreTests */ = {
			isa = PBXGroup;
			children = (
				D3E8CC871B6FE94E0016C7BD /* BowlingScoreTests.m */,
				D3E8CC851B6FE94E0016C7BD /* Supporting Files */,
			);
			path = BowlingScoreTests;
			sourceTree = "<group>";
		};
		D3E8CC851B6FE94E0016C7BD /* Supporting Files */ = {
			isa = PBXGroup;
			children = (
				D3E8CC861B6FE94E0016C7BD /* Info.plist */,
			);
			name = "Supporting Files";
			sourceTree = "<group>";
		};
/* End PBXGroup section */

/* Begin PBXNativeTarget section */
		D3E8CC671B6FE94E0016C7BD /* BowlingScore */ = {
			isa = PBXNativeTarget;
			buildConfigurationList = D3E8CC8B1B6FE94E0016C7BD /* Build configuration list for PBXNativeTarget "BowlingScore" */;
			buildPhases = (
				D3E8CC641B6FE94E0016C7BD /* Sources */,
				D3E8CC651B6FE94E0016C7BD /* Frameworks */,
				D3E8CC661B6FE94E0016C7BD /* Resources */,
			);
			buildRules = (
			);
			dependencies = (
			);
			name = BowlingScore;
			productName = BowlingScore;
			productReference = D3E8CC681B6FE94E0016C7BD /* BowlingScore.app */;
			productType = "com.apple.product-type.application";
		};
		D3E8CC801B6FE94E0016C7BD /* BowlingScoreTests */ = {
			isa = PBXNativeTarget;
			buildConfigurationList = D3E8CC8E1B6FE94E0016C7BD /* Build configuration list for PBXNativeTarget "BowlingScoreTests" */;
			buildPhases = (
				D3E8CC7D1B6FE94E0016C7BD /* Sources */,
				D3E8CC7E1B6FE94E0016C7BD /* Frameworks */,
				D3E8CC7F1B6FE94E0016C7BD /* Resources */,
			);
			buildRules = (
			);
			dependencies = (
				D3E8CC831B6FE94E0016C7BD /* PBXTargetDependency */,
			);
			name = BowlingScoreTests;
			productName = BowlingScoreTests;
			productReference = D3E8CC811B6FE94E0016C7BD /* BowlingScoreTests.xctest */;
			productType = "com.apple.product-type.bundle.unit-test";
		};
/* End PBXNativeTarget section */

/* Begin PBXProject section */
		D3E8CC601B6FE94E0016C7BD /* Project object */ = {
			isa = PBXProject;
			attributes = {
				LastUpgradeCheck = 0610;
				ORGANIZATIONNAME = "Micah Hainline";
				TargetAttributes = {
					D3E8CC671B6FE94E0016C7BD = {
						CreatedOnToolsVersion = 6.1;
					};
					D3E8CC801B6FE94E0016C7BD = {
						CreatedOnToolsVersion = 6.1;
						TestTargetID = D3E8CC671B6FE94E0016C7BD;
					};
				};
			};
			buildConfigurationList = D3E8CC631B6FE94E0016C7BD /* Build configuration list for PBXProject "BowlingScore" */;
			compatibilityVersion = "Xcode 3.2";
			developmentRegion = English;
			hasScannedForEncodings = 0;
			knownRegions = (
				en,
				Base,
			);
			mainGroup = D3E8CC5F1B6FE94E0016C7BD;
			productRefGroup = D3E8CC691B6FE94E0016C7BD /* Products */;
			projectDirPath = "";
			projectRoot = "";
			targets = (
				D3E8CC671B6FE94E0016C7BD /* BowlingScore */,
				D3E8CC801B6FE94E0016C7BD /* BowlingScoreTests */,
			);
		};
/* End PBXProject section */

/* Begin PBXResourcesBuildPhase section */
		D3E8CC661B6FE94E0016C7BD /* Resources */ = {
			isa = PBXResourcesBuildPhase;
			buildActionMask = 2147483647;
			files = (
				D3E8CC791B6FE94E0016C7BD /* Images.xcassets in Resources */,
			);
			runOnlyForDeploymentPostprocessing = 0;
		};
		D3E8CC7F1B6FE94E0016C7BD /* Resources */ = {
			isa = PBXResourcesBuildPhase;
			buildActionMask = 2147483647;
			files = (
			);
			runOnlyForDeploymentPostprocessing = 0;
		};
/* End PBXResourcesBuildPhase section */

/* Begin PBXSourcesBuildPhase section */
		D3E8CC641B6FE94E0016C7BD /* Sources */ = {
			isa = PBXSourcesBuildPhase;
			buildActionMask = 2147483647;
			files = (
				D3E8CC711B6FE94E0016C7BD /* AppDelegate.m in Sources */,
				D3E8CC961B6FEA930016C7BD /* MHMainMenuView.m in Sources */,
				D3E8CC6E1B6FE94E0016C7BD /* main.m in Sources */,
				D3E8CC931B6FE9FC0016C7BD /* MHMainMenuViewController.m in Sources */,
			);
			runOnlyForDeploymentPostprocessing = 0;
		};
		D3E8CC7D1B6FE94E0016C7BD /* Sources */ = {
			isa = PBXSourcesBuildPhase;
			buildActionMask = 2147483647;
			files = (
				D3E8CC881B6FE94E0016C7BD /* BowlingScoreTests.m in Sources */,
			);
			runOnlyForDeploymentPostprocessing = 0;
		};
/* End PBXSourcesBuildPhase section */

/* Begin PBXTargetDependency section */
		D3E8CC831B6FE94E0016C7BD /* PBXTargetDependency */ = {
			isa = PBXTargetDependency;
			target = D3E8CC671B6FE94E0016C7BD /* BowlingScore */;
			targetProxy = D3E8CC821B6FE94E0016C7BD /* PBXContainerItemProxy */;
		};
/* End PBXTargetDependency section */

/* Begin XCBuildConfiguration section */
		D3E8CC891B6FE94E0016C7BD /* Debug */ = {
			isa = XCBuildConfiguration;
			buildSettings = {
				ALWAYS_SEARCH_USER_PATHS = NO;
				CLANG_CXX_LANGUAGE_STANDARD = "gnu++0x";
				CLANG_CXX_LIBRARY = "libc++";
				CLANG_ENABLE_MODULES = YES;
				CLANG_ENABLE_OBJC_ARC = YES;
				CLANG_WARN_BOOL_CONVERSION = YES;
				CLANG_WARN_CONSTANT_CONVERSION = YES;
				CLANG_WARN_DIRECT_OBJC_ISA_USAGE = YES_ERROR;
				CLANG_WARN_EMPTY_BODY = YES;
				CLANG_WARN_ENUM_CONVERSION = YES;
				CLANG_WARN_INT_CONVERSION = YES;
				CLANG_WARN_OBJC_ROOT_CLASS = YES_ERROR;
				CLANG_WARN_UNREACHABLE_CODE = YES;
				CLANG_WARN__DUPLICATE_METHOD_MATCH = YES;
				"CODE_SIGN_IDENTITY[sdk=iphoneos*]" = "iPhone Developer";
				COPY_PHASE_STRIP = NO;
				ENABLE_STRICT_OBJC_MSGSEND = YES;
				GCC_C_LANGUAGE_STANDARD = gnu99;
				GCC_DYNAMIC_NO_PIC = NO;
				GCC_OPTIMIZATION_LEVEL = 0;
				GCC_PREPROCESSOR_DEFINITIONS = (
					"DEBUG=1",
					"$(inherited)",
				);
				GCC_SYMBOLS_PRIVATE_EXTERN = NO;
				GCC_WARN_64_TO_32_BIT_CONVERSION = YES;
				GCC_WARN_ABOUT_RETURN_TYPE = YES_ERROR;
				GCC_WARN_UNDECLARED_SELECTOR = YES;
				GCC_WARN_UNINITIALIZED_AUTOS = YES_AGGRESSIVE;
				GCC_WARN_UNUSED_FUNCTION = YES;
				GCC_WARN_UNUSED_VARIABLE = YES;
				IPHONEOS_DEPLOYMENT_TARGET = 8.1;
				MTL_ENABLE_DEBUG_INFO = YES;
				ONLY_ACTIVE_ARCH = YES;
				SDKROOT = iphoneos;
				TARGETED_DEVICE_FAMILY = "1,2";
			};
			name = Debug;
		};
		D3E8CC8A1B6FE94E0016C7BD /* Release */ = {
			isa = XCBuildConfiguration;
			buildSettings = {
				ALWAYS_SEARCH_USER_PATHS = NO;
				CLANG_CXX_LANGUAGE_STANDARD = "gnu++0x";
				CLANG_CXX_LIBRARY = "libc++";
				CLANG_ENABLE_MODULES = YES;
				CLANG_ENABLE_OBJC_ARC = YES;
				CLANG_WARN_BOOL_CONVERSION = YES;
				CLANG_WARN_CONSTANT_CONVERSION = YES;
				CLANG_WARN_DIRECT_OBJC_ISA_USAGE = YES_ERROR;
				CLANG_WARN_EMPTY_BODY = YES;
				CLANG_WARN_ENUM_CONVERSION = YES;
				CLANG_WARN_INT_CONVERSION = YES;
				CLANG_WARN_OBJC_ROOT_CLASS = YES_ERROR;
				CLANG_WARN_UNREACHABLE_CODE = YES;
				CLANG_WARN__DUPLICATE_METHOD_MATCH = YES;
				"CODE_SIGN_IDENTITY[sdk=iphoneos*]" = "iPhone Developer";
				COPY_PHASE_STRIP = YES;
				ENABLE_NS_ASSERTIONS = NO;
				ENABLE_STRICT_OBJC_MSGSEND = YES;
				GCC_C_LANGUAGE_STANDARD = gnu99;
				GCC_WARN_64_TO_32_BIT_CONVERSION = YES;
				GCC_WARN_ABOUT_RETURN_TYPE = YES_ERROR;
				GCC_WARN_UNDECLARED_SELECTOR = YES;
				GCC_WARN_UNINITIALIZED_AUTOS = YES_AGGRESSIVE;
				GCC_WARN_UNUSED_FUNCTION = YES;
				GCC_WARN_UNUSED_VARIABLE = YES;
				IPHONEOS_DEPLOYMENT_TARGET = 8.1;
				MTL_ENABLE_DEBUG_INFO = NO;
				SDKROOT = iphoneos;
				TARGETED_DEVICE_FAMILY = "1,2";
				VALIDATE_PRODUCT = YES;
			};
			name = Release;
		};
		D3E8CC8C1B6FE94E0016C7BD /* Debug */ = {
			isa = XCBuildConfiguration;
			buildSettings = {
				ASSETCATALOG_COMPILER_APPICON_NAME = AppIcon;
				INFOPLIST_FILE = BowlingScore/Info.plist;
				LD_RUNPATH_SEARCH_PATHS = "$(inherited) @executable_path/Frameworks";
				PRODUCT_NAME = "$(TARGET_NAME)";
			};
			name = Debug;
		};
		D3E8CC8D1B6FE94E0016C7BD /* Release */ = {
			isa = XCBuildConfiguration;
			buildSettings = {
				ASSETCATALOG_COMPILER_APPICON_NAME = AppIcon;
				INFOPLIST_FILE = BowlingScore/Info.plist;
				LD_RUNPATH_SEARCH_PATHS = "$(inherited) @executable_path/Frameworks";
				PRODUCT_NAME = "$(TARGET_NAME)";
			};
			name = Release;
		};
		D3E8CC8F1B6FE94E0016C7BD /* Debug */ = {
			isa = XCBuildConfiguration;
			buildSettings = {
				BUNDLE_LOADER = "$(TEST_HOST)";
				FRAMEWORK_SEARCH_PATHS = (
					"$(SDKROOT)/Developer/Library/Frameworks",
					"$(inherited)",
				);
				GCC_PREPROCESSOR_DEFINITIONS = (
					"DEBUG=1",
					"$(inherited)",
				);
				INFOPLIST_FILE = BowlingScoreTests/Info.plist;
				LD_RUNPATH_SEARCH_PATHS = "$(inherited) @executable_path/Frameworks @loader_path/Frameworks";
				PRODUCT_NAME = "$(TARGET_NAME)";
				TEST_HOST = "$(BUILT_PRODUCTS_DIR)/BowlingScore.app/BowlingScore";
			};
			name = Debug;
		};
		D3E8CC901B6FE94E0016C7BD /* Release */ = {
			isa = XCBuildConfiguration;
			buildSettings = {
				BUNDLE_LOADER = "$(TEST_HOST)";
				FRAMEWORK_SEARCH_PATHS = (
					"$(SDKROOT)/Developer/Library/Frameworks",
					"$(inherited)",
				);
				INFOPLIST_FILE = BowlingScoreTests/Info.plist;
				LD_RUNPATH_SEARCH_PATHS = "$(inherited) @executable_path/Frameworks @loader_path/Frameworks";
				PRODUCT_NAME = "$(TARGET_NAME)";
				TEST_HOST = "$(BUILT_PRODUCTS_DIR)/BowlingScore.app/BowlingScore";
			};
			name = Release;
		};
/* End XCBuildConfiguration section */

/* Begin XCConfigurationList section */
		D3E8CC631B6FE94E0016C7BD /* Build configuration list for PBXProject "BowlingScore" */ = {
			isa = XCConfigurationList;
			buildConfigurations = (
				D3E8CC891B6FE94E0016C7BD /* Debug */,
				D3E8CC8A1B6FE94E0016C7BD /* Release */,
			);
			defaultConfigurationIsVisible = 0;
			defaultConfigurationName = Release;
		};
		D3E8CC8B1B6FE94E0016C7BD /* Build configuration list for PBXNativeTarget "BowlingScore" */ = {
			isa = XCConfigurationList;
			buildConfigurations = (
				D3E8CC8C1B6FE94E0016C7BD /* Debug */,
				D3E8CC8D1B6FE94E0016C7BD /* Release */,
			);
			defaultConfigurationIsVisible = 0;
		};
		D3E8CC8E1B6FE94E0016C7BD /* Build configuration list for PBXNativeTarget "BowlingScoreTests" */ = {
			isa = XCConfigurationList;
			buildConfigurations = (
				D3E8CC8F1B6FE94E0016C7BD /* Debug */,
				D3E8CC901B6FE94E0016C7BD /* Release */,
			);
			defaultConfigurationIsVisible = 0;
		};
/* End XCConfigurationList section */
	};
	rootObject = D3E8CC601B6FE94E0016C7BD /* Project object */;
}
